
Microsoft Visual Studio Solution File, Format Version 12.00
# Visual Studio 2013
VisualStudioVersion = 12.0.31101.0
MinimumVisualStudioVersion = 10.0.40219.1
Project("{FAE04EC0-301F-11D3-BF4B-00C04F79EFBC}") = "GregField_A2_HuffmanEncoding", "GregField_A2_HuffmanEncoding\GregField_A2_HuffmanEncoding.csproj", "{BC80D3EE-3376-4732-94F2-925F3DEAA321}"
EndProject
Project("{FAE04EC0-301F-11D3-BF4B-00C04F79EFBC}") = "HuffmanEncodingTestProject", "HuffmanEncodingTestProject\HuffmanEncodingTestProject.csproj", "{52232467-CE71-46CC-8408-CE1718F7D237}"
EndProject
Global
	GlobalSection(SolutionConfigurationPlatforms) = preSolution
		Debug|Any CPU = Debug|Any CPU
		Release|Any CPU = Release|Any CPU
	EndGlobalSection
	GlobalSection(ProjectConfigurationPlatforms) = postSolution
		{BC80D3EE-3376-4732-94F2-925F3DEAA321}.Debug|Any CPU.ActiveCfg = Debug|Any CPU
		{BC80D3EE-3376-4732-94F2-925F3DEAA321}.Debug|Any CPU.Build.0 = Debug|Any CPU
		{BC80D3EE-3376-4732-94F2-925F3DEAA321}.Release|Any CPU.ActiveCfg = Release|Any CPU
		{BC80D3EE-3376-4732-94F2-925F3DEAA321}.Release|Any CPU.Build.0 = Release|Any CPU
		{52232467-CE71-46CC-8408-CE1718F7D237}.Debug|Any CPU.ActiveCfg = Debug|Any CPU
		{52232467-CE71-46CC-8408-CE1718F7D237}.Debug|Any CPU.Build.0 = Debug|Any CPU
		{52232467-CE71-46CC-8408-CE1718F7D237}.Release|Any CPU.ActiveCfg = Release|Any CPU
		{52232467-CE71-46CC-8408-CE1718F7D237}.Release|Any CPU.Build.0 = Release|Any CPU
	EndGlobalSection
	GlobalSection(SolutionProperties) = preSolution
		HideSolutionNode = FALSE
	EndGlobalSection
EndGlobal
